
Microsoft Visual Studio Solution File, Format Version 12.00
# Visual Studio Version 16
VisualStudioVersion = 16.0.30611.23
MinimumVisualStudioVersion = 10.0.40219.1
Project("{FAE04EC0-301F-11D3-BF4B-00C04F79EFBC}") = "TicTacToe_November2020", "TicTacToe_November2020.csproj", "{81899D09-499A-40E1-A8CC-B53DDD9F0111}"
EndProject
Global
	GlobalSection(SolutionConfigurationPlatforms) = preSolution
		Debug|Any CPU = Debug|Any CPU
		Release|Any CPU = Release|Any CPU
	EndGlobalSection
	GlobalSection(ProjectConfigurationPlatforms) = postSolution
		{81899D09-499A-40E1-A8CC-B53DDD9F0111}.Debug|Any CPU.ActiveCfg = Debug|Any CPU
		{81899D09-499A-40E1-A8CC-B53DDD9F0111}.Debug|Any CPU.Build.0 = Debug|Any CPU
		{81899D09-499A-40E1-A8CC-B53DDD9F0111}.Release|Any CPU.ActiveCfg = Release|Any CPU
		{81899D09-499A-40E1-A8CC-B53DDD9F0111}.Release|Any CPU.Build.0 = Release|Any CPU
	EndGlobalSection
	GlobalSection(SolutionProperties) = preSolution
		HideSolutionNode = FALSE
	EndGlobalSection
	GlobalSection(ExtensibilityGlobals) = postSolution
		SolutionGuid = {F09DDCA5-455A-4248-911E-4A3B55501A7D}
	EndGlobalSection
EndGlobal
